
Microsoft Visual Studio Solution File, Format Version 12.00
# Visual Studio Version 17
VisualStudioVersion = 17.0.31903.59
MinimumVisualStudioVersion = 10.0.40219.1
Project("{FAE04EC0-301F-11D3-BF4B-00C04F79EFBC}") = "Shelf.Core", "Shelf.Core\Shelf.Core.csproj", "{B83BB529-1526-4149-8DA4-308EFE7563F1}"
EndProject
Project("{FAE04EC0-301F-11D3-BF4B-00C04F79EFBC}") = "Shelf.API", "Shelf.API\Shelf.API.csproj", "{8A1B1DBF-7623-4F0C-9CAE-F2B5207376B5}"
EndProject
Global
	GlobalSection(SolutionConfigurationPlatforms) = preSolution
		Debug|Any CPU = Debug|Any CPU
		Release|Any CPU = Release|Any CPU
	EndGlobalSection
	GlobalSection(SolutionProperties) = preSolution
		HideSolutionNode = FALSE
	EndGlobalSection
	GlobalSection(ProjectConfigurationPlatforms) = postSolution
		{B83BB529-1526-4149-8DA4-308EFE7563F1}.Debug|Any CPU.ActiveCfg = Debug|Any CPU
		{B83BB529-1526-4149-8DA4-308EFE7563F1}.Debug|Any CPU.Build.0 = Debug|Any CPU
		{B83BB529-1526-4149-8DA4-308EFE7563F1}.Release|Any CPU.ActiveCfg = Release|Any CPU
		{B83BB529-1526-4149-8DA4-308EFE7563F1}.Release|Any CPU.Build.0 = Release|Any CPU
		{8A1B1DBF-7623-4F0C-9CAE-F2B5207376B5}.Debug|Any CPU.ActiveCfg = Debug|Any CPU
		{8A1B1DBF-7623-4F0C-9CAE-F2B5207376B5}.Debug|Any CPU.Build.0 = Debug|Any CPU
		{8A1B1DBF-7623-4F0C-9CAE-F2B5207376B5}.Release|Any CPU.ActiveCfg = Release|Any CPU
		{8A1B1DBF-7623-4F0C-9CAE-F2B5207376B5}.Release|Any CPU.Build.0 = Release|Any CPU
	EndGlobalSection
EndGlobal
